
Microsoft Visual Studio Solution File, Format Version 12.00
# Visual Studio Version 17
VisualStudioVersion = 17.9.34622.214
MinimumVisualStudioVersion = 10.0.40219.1
Project("{9A19103F-16F7-4668-BE54-9A1E7A4F7556}") = "TestePraticoPloomes", "TestePraticoPloomes.csproj", "{431F6AE3-BCDA-4BE2-9184-1F6B73216995}"
EndProject
Global
	GlobalSection(SolutionConfigurationPlatforms) = preSolution
		Debug|Any CPU = Debug|Any CPU
		Release|Any CPU = Release|Any CPU
	EndGlobalSection
	GlobalSection(ProjectConfigurationPlatforms) = postSolution
		{431F6AE3-BCDA-4BE2-9184-1F6B73216995}.Debug|Any CPU.ActiveCfg = Release|Any CPU
		{431F6AE3-BCDA-4BE2-9184-1F6B73216995}.Debug|Any CPU.Build.0 = Release|Any CPU
		{431F6AE3-BCDA-4BE2-9184-1F6B73216995}.Release|Any CPU.ActiveCfg = Release|Any CPU
		{431F6AE3-BCDA-4BE2-9184-1F6B73216995}.Release|Any CPU.Build.0 = Release|Any CPU
	EndGlobalSection
	GlobalSection(SolutionProperties) = preSolution
		HideSolutionNode = FALSE
	EndGlobalSection
	GlobalSection(ExtensibilityGlobals) = postSolution
		SolutionGuid = {21A6CF1A-94DA-4F55-AFDC-83AF20905CE2}
	EndGlobalSection
EndGlobal
